
Microsoft Visual Studio Solution File, Format Version 12.00
# Visual Studio Version 17
VisualStudioVersion = 17.13.35931.197
MinimumVisualStudioVersion = 10.0.40219.1
Project("{FAE04EC0-301F-11D3-BF4B-00C04F79EFBC}") = "FirstProject", "FirstProject\FirstProject.csproj", "{78360D5C-4C36-4F52-86B8-246B3F7E6866}"
EndProject
Project("{FAE04EC0-301F-11D3-BF4B-00C04F79EFBC}") = "SecondProject", "SecondProject\SecondProject.csproj", "{E4EA0C74-FC3F-491A-A65A-7738BFE552C4}"
EndProject
Project("{FAE04EC0-301F-11D3-BF4B-00C04F79EFBC}") = "FirstDegree", "FirstDegree\FirstDegree.csproj", "{56A39AF7-4400-40D8-8B80-BAECAB389F61}"
EndProject
Project("{FAE04EC0-301F-11D3-BF4B-00C04F79EFBC}") = "QuadraticEquation", "QuadraticEquation\QuadraticEquation.csproj", "{66666B29-7CD7-4ED5-89B8-26F9469A96E3}"
EndProject
Project("{FAE04EC0-301F-11D3-BF4B-00C04F79EFBC}") = "StringInteraction", "StringInteraction\StringInteraction.csproj", "{C3194CD0-8190-47BF-B070-218DEAD7E23A}"
EndProject
Project("{FAE04EC0-301F-11D3-BF4B-00C04F79EFBC}") = "SimpleMath", "SimpleMath\SimpleMath.csproj", "{C73E5289-349D-4038-BC32-F7A277DFCE24}"
EndProject
Project("{FAE04EC0-301F-11D3-BF4B-00C04F79EFBC}") = "RefAndOutSample", "RefAndOutSample\RefAndOutSample.csproj", "{D611A532-3642-4C23-A463-0F26B62DDF45}"
EndProject
Project("{FAE04EC0-301F-11D3-BF4B-00C04F79EFBC}") = "TryParseSample", "TryParseSample\TryParseSample.csproj", "{F564EEDC-E937-45F8-BDBB-6359D6402C3C}"
EndProject
Project("{FAE04EC0-301F-11D3-BF4B-00C04F79EFBC}") = "paramssample", "paramssample\paramssample.csproj", "{25D4210C-3BBC-4BB4-A47A-1FF8BB66DC6B}"
EndProject
Project("{FAE04EC0-301F-11D3-BF4B-00C04F79EFBC}") = "TuplesSample", "TuplesSample\TuplesSample.csproj", "{2438864C-F329-496A-9CC9-F233704B1BB5}"
EndProject
Project("{FAE04EC0-301F-11D3-BF4B-00C04F79EFBC}") = "NestedLoop_Sort", "NestedLoop_Sort\NestedLoop_Sort.csproj", "{EEE9AA03-ED40-4320-806F-A1AA260CED29}"
EndProject
Project("{FAE04EC0-301F-11D3-BF4B-00C04F79EFBC}") = "NestedLoop_Shape", "NestedLoop_Shape\NestedLoop_Shape.csproj", "{7908CC24-670F-4BD9-893F-8C0980A250A0}"
EndProject
Project("{FAE04EC0-301F-11D3-BF4B-00C04F79EFBC}") = "OOP1", "OOP1\OOP1.csproj", "{75F48CBB-1B03-4362-AC6C-03460988C22F}"
EndProject
Project("{FAE04EC0-301F-11D3-BF4B-00C04F79EFBC}") = "OOP2", "OOP2\OOP2.csproj", "{93C4599E-26B8-41C3-8D3F-9A6C3A1D8648}"
EndProject
Project("{FAE04EC0-301F-11D3-BF4B-00C04F79EFBC}") = "OOP3_ExtensionMethod", "OOP3_ExtensionMethod\OOP3_ExtensionMethod.csproj", "{85B431D3-A12A-417A-BF85-9BE34A1052C0}"
EndProject
Project("{FAE04EC0-301F-11D3-BF4B-00C04F79EFBC}") = "OOP4_Reuse_OOP2", "OOP4_Reuse_OOP2\OOP4_Reuse_OOP2.csproj", "{8EDBCE45-ED7B-4690-AEF9-4B75C5AA84E1}"
EndProject
Project("{FAE04EC0-301F-11D3-BF4B-00C04F79EFBC}") = "OOP5_Generic_List", "OOP5_Generic_List\OOP5_Generic_List.csproj", "{87898194-E48F-4E5E-9891-DBA820A22BC1}"
EndProject
Project("{FAE04EC0-301F-11D3-BF4B-00C04F79EFBC}") = "test01", "test01\test01.csproj", "{5AF93917-6B88-409D-A574-04F8EB156D8B}"
EndProject
Project("{FAE04EC0-301F-11D3-BF4B-00C04F79EFBC}") = "OOP6_Dictionary", "OOP6_Dictionary\OOP6_Dictionary.csproj", "{9C183E9D-ED60-4695-A706-1F7FC272FABD}"
EndProject
Project("{2150E333-8FDC-42A3-9474-1A3956D46DE8}") = "Chapter5", "Chapter5", "{02EA681E-C7D8-13C7-8484-4AC65E1B71E8}"
EndProject
Project("{FAE04EC0-301F-11D3-BF4B-00C04F79EFBC}") = "BuilderPattern", "BuilderPattern\BuilderPattern.csproj", "{044DE341-433F-5702-4D82-2BB3FD3832E3}"
EndProject
Project("{FAE04EC0-301F-11D3-BF4B-00C04F79EFBC}") = "FactoriesPattern", "FactoriesPattern\FactoriesPattern.csproj", "{15ADFCBE-9B56-7B0A-7AE5-771D29B1F4C9}"
EndProject
Project("{FAE04EC0-301F-11D3-BF4B-00C04F79EFBC}") = "ObserverPattern", "ObserverPattern\ObserverPattern.csproj", "{FEBF851F-917B-C45E-D2B8-7873FE9FDB40}"
EndProject
Project("{FAE04EC0-301F-11D3-BF4B-00C04F79EFBC}") = "PrototypePattern", "PrototypePattern\PrototypePattern.csproj", "{92C92FD4-253A-352A-CA1D-8ACA5E5F3868}"
EndProject
Project("{FAE04EC0-301F-11D3-BF4B-00C04F79EFBC}") = "SingletonPattern", "SingletonPattern\SingletonPattern.csproj", "{FABC0CC8-7E79-3D9B-8D56-17C4207BB104}"
EndProject
Project("{FAE04EC0-301F-11D3-BF4B-00C04F79EFBC}") = "DemoAliasClone", "DemoAliasClone\DemoAliasClone.csproj", "{1FCEB3E5-1145-401C-84F8-7748C5CDFC68}"
EndProject
Project("{2150E333-8FDC-42A3-9474-1A3956D46DE8}") = "Chapter6", "Chapter6", "{486B8941-1C1B-49C0-8AF8-B38D5CD07C84}"
EndProject
Project("{FAE04EC0-301F-11D3-BF4B-00C04F79EFBC}") = "DemoDelegate", "DemoDelegate\DemoDelegate.csproj", "{54E39BE4-0139-430F-AB1F-086F3B3874B5}"
EndProject
Project("{FAE04EC0-301F-11D3-BF4B-00C04F79EFBC}") = "DemoLINQ2Object", "DemoLINQ2Object\DemoLINQ2Object.csproj", "{6F2937B2-2D29-465F-96D6-A116B88E3EA3}"
EndProject
Project("{FAE04EC0-301F-11D3-BF4B-00C04F79EFBC}") = "DemoLINQ2ObjectModelClass", "DemoLINQ2ObjectModelClass\DemoLINQ2ObjectModelClass.csproj", "{D9E47E2B-0789-4C26-82EF-421FA06B9CBF}"
EndProject
Project("{FAE04EC0-301F-11D3-BF4B-00C04F79EFBC}") = "DemoLINQ2SQL", "DemoLINQ2SQL\DemoLINQ2SQL.csproj", "{E4A80FFD-7F38-423F-A6D0-43E466C844AF}"
EndProject
Project("{FAE04EC0-301F-11D3-BF4B-00C04F79EFBC}") = "Lucy_SalesDataManagement", "Lucy_SalesDataManagement\Lucy_SalesDataManagement.csproj", "{FF951BE8-C861-4B6F-B4CC-BBF92CB31FD1}"
EndProject
Project("{2150E333-8FDC-42A3-9474-1A3956D46DE8}") = "Chapter7", "Chapter7", "{4B79716D-DDD3-484B-A608-08ECB989C9A5}"
EndProject
Project("{FAE04EC0-301F-11D3-BF4B-00C04F79EFBC}") = "HelloWPFAPP", "HelloWPFAPP\HelloWPFAPP.csproj", "{8BD50765-76BB-4EF5-8248-380463846203}"
EndProject
Project("{FAE04EC0-301F-11D3-BF4B-00C04F79EFBC}") = "Baitap1", "Baitap1\Baitap1.csproj", "{28627D47-0F67-415F-9817-E5C5C731E034}"
EndProject
Project("{FAE04EC0-301F-11D3-BF4B-00C04F79EFBC}") = "Baitap2", "Baitap2\Baitap2.csproj", "{F72EE0DB-7DC1-467B-8414-8C57F7191073}"
EndProject
Project("{FAE04EC0-301F-11D3-BF4B-00C04F79EFBC}") = "Baitap3", "Baitap3\Baitap3.csproj", "{C2894A68-24AF-4CC7-9473-9F6291B4394A}"
EndProject
Global
	GlobalSection(SolutionConfigurationPlatforms) = preSolution
		Debug|Any CPU = Debug|Any CPU
		Release|Any CPU = Release|Any CPU
	EndGlobalSection
	GlobalSection(ProjectConfigurationPlatforms) = postSolution
		{78360D5C-4C36-4F52-86B8-246B3F7E6866}.Debug|Any CPU.ActiveCfg = Debug|Any CPU
		{78360D5C-4C36-4F52-86B8-246B3F7E6866}.Debug|Any CPU.Build.0 = Debug|Any CPU
		{78360D5C-4C36-4F52-86B8-246B3F7E6866}.Release|Any CPU.ActiveCfg = Release|Any CPU
		{78360D5C-4C36-4F52-86B8-246B3F7E6866}.Release|Any CPU.Build.0 = Release|Any CPU
		{E4EA0C74-FC3F-491A-A65A-7738BFE552C4}.Debug|Any CPU.ActiveCfg = Debug|Any CPU
		{E4EA0C74-FC3F-491A-A65A-7738BFE552C4}.Debug|Any CPU.Build.0 = Debug|Any CPU
		{E4EA0C74-FC3F-491A-A65A-7738BFE552C4}.Release|Any CPU.ActiveCfg = Release|Any CPU
		{E4EA0C74-FC3F-491A-A65A-7738BFE552C4}.Release|Any CPU.Build.0 = Release|Any CPU
		{56A39AF7-4400-40D8-8B80-BAECAB389F61}.Debug|Any CPU.ActiveCfg = Debug|Any CPU
		{56A39AF7-4400-40D8-8B80-BAECAB389F61}.Debug|Any CPU.Build.0 = Debug|Any CPU
		{56A39AF7-4400-40D8-8B80-BAECAB389F61}.Release|Any CPU.ActiveCfg = Release|Any CPU
		{56A39AF7-4400-40D8-8B80-BAECAB389F61}.Release|Any CPU.Build.0 = Release|Any CPU
		{66666B29-7CD7-4ED5-89B8-26F9469A96E3}.Debug|Any CPU.ActiveCfg = Debug|Any CPU
		{66666B29-7CD7-4ED5-89B8-26F9469A96E3}.Debug|Any CPU.Build.0 = Debug|Any CPU
		{66666B29-7CD7-4ED5-89B8-26F9469A96E3}.Release|Any CPU.ActiveCfg = Release|Any CPU
		{66666B29-7CD7-4ED5-89B8-26F9469A96E3}.Release|Any CPU.Build.0 = Release|Any CPU
		{C3194CD0-8190-47BF-B070-218DEAD7E23A}.Debug|Any CPU.ActiveCfg = Debug|Any CPU
		{C3194CD0-8190-47BF-B070-218DEAD7E23A}.Debug|Any CPU.Build.0 = Debug|Any CPU
		{C3194CD0-8190-47BF-B070-218DEAD7E23A}.Release|Any CPU.ActiveCfg = Release|Any CPU
		{C3194CD0-8190-47BF-B070-218DEAD7E23A}.Release|Any CPU.Build.0 = Release|Any CPU
		{C73E5289-349D-4038-BC32-F7A277DFCE24}.Debug|Any CPU.ActiveCfg = Debug|Any CPU
		{C73E5289-349D-4038-BC32-F7A277DFCE24}.Debug|Any CPU.Build.0 = Debug|Any CPU
		{C73E5289-349D-4038-BC32-F7A277DFCE24}.Release|Any CPU.ActiveCfg = Release|Any CPU
		{C73E5289-349D-4038-BC32-F7A277DFCE24}.Release|Any CPU.Build.0 = Release|Any CPU
		{D611A532-3642-4C23-A463-0F26B62DDF45}.Debug|Any CPU.ActiveCfg = Debug|Any CPU
		{D611A532-3642-4C23-A463-0F26B62DDF45}.Debug|Any CPU.Build.0 = Debug|Any CPU
		{D611A532-3642-4C23-A463-0F26B62DDF45}.Release|Any CPU.ActiveCfg = Release|Any CPU
		{D611A532-3642-4C23-A463-0F26B62DDF45}.Release|Any CPU.Build.0 = Release|Any CPU
		{F564EEDC-E937-45F8-BDBB-6359D6402C3C}.Debug|Any CPU.ActiveCfg = Debug|Any CPU
		{F564EEDC-E937-45F8-BDBB-6359D6402C3C}.Debug|Any CPU.Build.0 = Debug|Any CPU
		{F564EEDC-E937-45F8-BDBB-6359D6402C3C}.Release|Any CPU.ActiveCfg = Release|Any CPU
		{F564EEDC-E937-45F8-BDBB-6359D6402C3C}.Release|Any CPU.Build.0 = Release|Any CPU
		{25D4210C-3BBC-4BB4-A47A-1FF8BB66DC6B}.Debug|Any CPU.ActiveCfg = Debug|Any CPU
		{25D4210C-3BBC-4BB4-A47A-1FF8BB66DC6B}.Debug|Any CPU.Build.0 = Debug|Any CPU
		{25D4210C-3BBC-4BB4-A47A-1FF8BB66DC6B}.Release|Any CPU.ActiveCfg = Release|Any CPU
		{25D4210C-3BBC-4BB4-A47A-1FF8BB66DC6B}.Release|Any CPU.Build.0 = Release|Any CPU
		{2438864C-F329-496A-9CC9-F233704B1BB5}.Debug|Any CPU.ActiveCfg = Debug|Any CPU
		{2438864C-F329-496A-9CC9-F233704B1BB5}.Debug|Any CPU.Build.0 = Debug|Any CPU
		{2438864C-F329-496A-9CC9-F233704B1BB5}.Release|Any CPU.ActiveCfg = Release|Any CPU
		{2438864C-F329-496A-9CC9-F233704B1BB5}.Release|Any CPU.Build.0 = Release|Any CPU
		{EEE9AA03-ED40-4320-806F-A1AA260CED29}.Debug|Any CPU.ActiveCfg = Debug|Any CPU
		{EEE9AA03-ED40-4320-806F-A1AA260CED29}.Debug|Any CPU.Build.0 = Debug|Any CPU
		{EEE9AA03-ED40-4320-806F-A1AA260CED29}.Release|Any CPU.ActiveCfg = Release|Any CPU
		{EEE9AA03-ED40-4320-806F-A1AA260CED29}.Release|Any CPU.Build.0 = Release|Any CPU
		{7908CC24-670F-4BD9-893F-8C0980A250A0}.Debug|Any CPU.ActiveCfg = Debug|Any CPU
		{7908CC24-670F-4BD9-893F-8C0980A250A0}.Debug|Any CPU.Build.0 = Debug|Any CPU
		{7908CC24-670F-4BD9-893F-8C0980A250A0}.Release|Any CPU.ActiveCfg = Release|Any CPU
		{7908CC24-670F-4BD9-893F-8C0980A250A0}.Release|Any CPU.Build.0 = Release|Any CPU
		{75F48CBB-1B03-4362-AC6C-03460988C22F}.Debug|Any CPU.ActiveCfg = Debug|Any CPU
		{75F48CBB-1B03-4362-AC6C-03460988C22F}.Debug|Any CPU.Build.0 = Debug|Any CPU
		{75F48CBB-1B03-4362-AC6C-03460988C22F}.Release|Any CPU.ActiveCfg = Release|Any CPU
		{75F48CBB-1B03-4362-AC6C-03460988C22F}.Release|Any CPU.Build.0 = Release|Any CPU
		{93C4599E-26B8-41C3-8D3F-9A6C3A1D8648}.Debug|Any CPU.ActiveCfg = Debug|Any CPU
		{93C4599E-26B8-41C3-8D3F-9A6C3A1D8648}.Debug|Any CPU.Build.0 = Debug|Any CPU
		{93C4599E-26B8-41C3-8D3F-9A6C3A1D8648}.Release|Any CPU.ActiveCfg = Release|Any CPU
		{93C4599E-26B8-41C3-8D3F-9A6C3A1D8648}.Release|Any CPU.Build.0 = Release|Any CPU
		{85B431D3-A12A-417A-BF85-9BE34A1052C0}.Debug|Any CPU.ActiveCfg = Debug|Any CPU
		{85B431D3-A12A-417A-BF85-9BE34A1052C0}.Debug|Any CPU.Build.0 = Debug|Any CPU
		{85B431D3-A12A-417A-BF85-9BE34A1052C0}.Release|Any CPU.ActiveCfg = Release|Any CPU
		{85B431D3-A12A-417A-BF85-9BE34A1052C0}.Release|Any CPU.Build.0 = Release|Any CPU
		{8EDBCE45-ED7B-4690-AEF9-4B75C5AA84E1}.Debug|Any CPU.ActiveCfg = Debug|Any CPU
		{8EDBCE45-ED7B-4690-AEF9-4B75C5AA84E1}.Debug|Any CPU.Build.0 = Debug|Any CPU
		{8EDBCE45-ED7B-4690-AEF9-4B75C5AA84E1}.Release|Any CPU.ActiveCfg = Release|Any CPU
		{8EDBCE45-ED7B-4690-AEF9-4B75C5AA84E1}.Release|Any CPU.Build.0 = Release|Any CPU
		{87898194-E48F-4E5E-9891-DBA820A22BC1}.Debug|Any CPU.ActiveCfg = Debug|Any CPU
		{87898194-E48F-4E5E-9891-DBA820A22BC1}.Debug|Any CPU.Build.0 = Debug|Any CPU
		{87898194-E48F-4E5E-9891-DBA820A22BC1}.Release|Any CPU.ActiveCfg = Release|Any CPU
		{87898194-E48F-4E5E-9891-DBA820A22BC1}.Release|Any CPU.Build.0 = Release|Any CPU
		{5AF93917-6B88-409D-A574-04F8EB156D8B}.Debug|Any CPU.ActiveCfg = Debug|Any CPU
		{5AF93917-6B88-409D-A574-04F8EB156D8B}.Debug|Any CPU.Build.0 = Debug|Any CPU
		{5AF93917-6B88-409D-A574-04F8EB156D8B}.Release|Any CPU.ActiveCfg = Release|Any CPU
		{5AF93917-6B88-409D-A574-04F8EB156D8B}.Release|Any CPU.Build.0 = Release|Any CPU
		{9C183E9D-ED60-4695-A706-1F7FC272FABD}.Debug|Any CPU.ActiveCfg = Debug|Any CPU
		{9C183E9D-ED60-4695-A706-1F7FC272FABD}.Debug|Any CPU.Build.0 = Debug|Any CPU
		{9C183E9D-ED60-4695-A706-1F7FC272FABD}.Release|Any CPU.ActiveCfg = Release|Any CPU
		{9C183E9D-ED60-4695-A706-1F7FC272FABD}.Release|Any CPU.Build.0 = Release|Any CPU
		{044DE341-433F-5702-4D82-2BB3FD3832E3}.Debug|Any CPU.ActiveCfg = Debug|Any CPU
		{044DE341-433F-5702-4D82-2BB3FD3832E3}.Debug|Any CPU.Build.0 = Debug|Any CPU
		{044DE341-433F-5702-4D82-2BB3FD3832E3}.Release|Any CPU.ActiveCfg = Release|Any CPU
		{044DE341-433F-5702-4D82-2BB3FD3832E3}.Release|Any CPU.Build.0 = Release|Any CPU
		{15ADFCBE-9B56-7B0A-7AE5-771D29B1F4C9}.Debug|Any CPU.ActiveCfg = Debug|Any CPU
		{15ADFCBE-9B56-7B0A-7AE5-771D29B1F4C9}.Debug|Any CPU.Build.0 = Debug|Any CPU
		{15ADFCBE-9B56-7B0A-7AE5-771D29B1F4C9}.Release|Any CPU.ActiveCfg = Release|Any CPU
		{15ADFCBE-9B56-7B0A-7AE5-771D29B1F4C9}.Release|Any CPU.Build.0 = Release|Any CPU
		{FEBF851F-917B-C45E-D2B8-7873FE9FDB40}.Debug|Any CPU.ActiveCfg = Debug|Any CPU
		{FEBF851F-917B-C45E-D2B8-7873FE9FDB40}.Debug|Any CPU.Build.0 = Debug|Any CPU
		{FEBF851F-917B-C45E-D2B8-7873FE9FDB40}.Release|Any CPU.ActiveCfg = Release|Any CPU
		{FEBF851F-917B-C45E-D2B8-7873FE9FDB40}.Release|Any CPU.Build.0 = Release|Any CPU
		{92C92FD4-253A-352A-CA1D-8ACA5E5F3868}.Debug|Any CPU.ActiveCfg = Debug|Any CPU
		{92C92FD4-253A-352A-CA1D-8ACA5E5F3868}.Debug|Any CPU.Build.0 = Debug|Any CPU
		{92C92FD4-253A-352A-CA1D-8ACA5E5F3868}.Release|Any CPU.ActiveCfg = Release|Any CPU
		{92C92FD4-253A-352A-CA1D-8ACA5E5F3868}.Release|Any CPU.Build.0 = Release|Any CPU
		{FABC0CC8-7E79-3D9B-8D56-17C4207BB104}.Debug|Any CPU.ActiveCfg = Debug|Any CPU
		{FABC0CC8-7E79-3D9B-8D56-17C4207BB104}.Debug|Any CPU.Build.0 = Debug|Any CPU
		{FABC0CC8-7E79-3D9B-8D56-17C4207BB104}.Release|Any CPU.ActiveCfg = Release|Any CPU
		{FABC0CC8-7E79-3D9B-8D56-17C4207BB104}.Release|Any CPU.Build.0 = Release|Any CPU
		{1FCEB3E5-1145-401C-84F8-7748C5CDFC68}.Debug|Any CPU.ActiveCfg = Debug|Any CPU
		{1FCEB3E5-1145-401C-84F8-7748C5CDFC68}.Debug|Any CPU.Build.0 = Debug|Any CPU
		{1FCEB3E5-1145-401C-84F8-7748C5CDFC68}.Release|Any CPU.ActiveCfg = Release|Any CPU
		{1FCEB3E5-1145-401C-84F8-7748C5CDFC68}.Release|Any CPU.Build.0 = Release|Any CPU
		{54E39BE4-0139-430F-AB1F-086F3B3874B5}.Debug|Any CPU.ActiveCfg = Debug|Any CPU
		{54E39BE4-0139-430F-AB1F-086F3B3874B5}.Debug|Any CPU.Build.0 = Debug|Any CPU
		{54E39BE4-0139-430F-AB1F-086F3B3874B5}.Release|Any CPU.ActiveCfg = Release|Any CPU
		{54E39BE4-0139-430F-AB1F-086F3B3874B5}.Release|Any CPU.Build.0 = Release|Any CPU
		{6F2937B2-2D29-465F-96D6-A116B88E3EA3}.Debug|Any CPU.ActiveCfg = Debug|Any CPU
		{6F2937B2-2D29-465F-96D6-A116B88E3EA3}.Debug|Any CPU.Build.0 = Debug|Any CPU
		{6F2937B2-2D29-465F-96D6-A116B88E3EA3}.Release|Any CPU.ActiveCfg = Release|Any CPU
		{6F2937B2-2D29-465F-96D6-A116B88E3EA3}.Release|Any CPU.Build.0 = Release|Any CPU
		{D9E47E2B-0789-4C26-82EF-421FA06B9CBF}.Debug|Any CPU.ActiveCfg = Debug|Any CPU
		{D9E47E2B-0789-4C26-82EF-421FA06B9CBF}.Debug|Any CPU.Build.0 = Debug|Any CPU
		{D9E47E2B-0789-4C26-82EF-421FA06B9CBF}.Release|Any CPU.ActiveCfg = Release|Any CPU
		{D9E47E2B-0789-4C26-82EF-421FA06B9CBF}.Release|Any CPU.Build.0 = Release|Any CPU
		{E4A80FFD-7F38-423F-A6D0-43E466C844AF}.Debug|Any CPU.ActiveCfg = Debug|Any CPU
		{E4A80FFD-7F38-423F-A6D0-43E466C844AF}.Debug|Any CPU.Build.0 = Debug|Any CPU
		{E4A80FFD-7F38-423F-A6D0-43E466C844AF}.Release|Any CPU.ActiveCfg = Release|Any CPU
		{E4A80FFD-7F38-423F-A6D0-43E466C844AF}.Release|Any CPU.Build.0 = Release|Any CPU
		{FF951BE8-C861-4B6F-B4CC-BBF92CB31FD1}.Debug|Any CPU.ActiveCfg = Debug|Any CPU
		{FF951BE8-C861-4B6F-B4CC-BBF92CB31FD1}.Debug|Any CPU.Build.0 = Debug|Any CPU
		{FF951BE8-C861-4B6F-B4CC-BBF92CB31FD1}.Release|Any CPU.ActiveCfg = Release|Any CPU
		{FF951BE8-C861-4B6F-B4CC-BBF92CB31FD1}.Release|Any CPU.Build.0 = Release|Any CPU
		{8BD50765-76BB-4EF5-8248-380463846203}.Debug|Any CPU.ActiveCfg = Debug|Any CPU
		{8BD50765-76BB-4EF5-8248-380463846203}.Debug|Any CPU.Build.0 = Debug|Any CPU
		{8BD50765-76BB-4EF5-8248-380463846203}.Release|Any CPU.ActiveCfg = Release|Any CPU
		{8BD50765-76BB-4EF5-8248-380463846203}.Release|Any CPU.Build.0 = Release|Any CPU
		{28627D47-0F67-415F-9817-E5C5C731E034}.Debug|Any CPU.ActiveCfg = Debug|Any CPU
		{28627D47-0F67-415F-9817-E5C5C731E034}.Debug|Any CPU.Build.0 = Debug|Any CPU
		{28627D47-0F67-415F-9817-E5C5C731E034}.Release|Any CPU.ActiveCfg = Release|Any CPU
		{28627D47-0F67-415F-9817-E5C5C731E034}.Release|Any CPU.Build.0 = Release|Any CPU
		{F72EE0DB-7DC1-467B-8414-8C57F7191073}.Debug|Any CPU.ActiveCfg = Debug|Any CPU
		{F72EE0DB-7DC1-467B-8414-8C57F7191073}.Debug|Any CPU.Build.0 = Debug|Any CPU
		{F72EE0DB-7DC1-467B-8414-8C57F7191073}.Release|Any CPU.ActiveCfg = Release|Any CPU
		{F72EE0DB-7DC1-467B-8414-8C57F7191073}.Release|Any CPU.Build.0 = Release|Any CPU
		{C2894A68-24AF-4CC7-9473-9F6291B4394A}.Debug|Any CPU.ActiveCfg = Debug|Any CPU
		{C2894A68-24AF-4CC7-9473-9F6291B4394A}.Debug|Any CPU.Build.0 = Debug|Any CPU
		{C2894A68-24AF-4CC7-9473-9F6291B4394A}.Release|Any CPU.ActiveCfg = Release|Any CPU
		{C2894A68-24AF-4CC7-9473-9F6291B4394A}.Release|Any CPU.Build.0 = Release|Any CPU
	EndGlobalSection
	GlobalSection(SolutionProperties) = preSolution
		HideSolutionNode = FALSE
	EndGlobalSection
	GlobalSection(NestedProjects) = preSolution
		{044DE341-433F-5702-4D82-2BB3FD3832E3} = {02EA681E-C7D8-13C7-8484-4AC65E1B71E8}
		{15ADFCBE-9B56-7B0A-7AE5-771D29B1F4C9} = {02EA681E-C7D8-13C7-8484-4AC65E1B71E8}
		{FEBF851F-917B-C45E-D2B8-7873FE9FDB40} = {02EA681E-C7D8-13C7-8484-4AC65E1B71E8}
		{92C92FD4-253A-352A-CA1D-8ACA5E5F3868} = {02EA681E-C7D8-13C7-8484-4AC65E1B71E8}
		{FABC0CC8-7E79-3D9B-8D56-17C4207BB104} = {02EA681E-C7D8-13C7-8484-4AC65E1B71E8}
		{1FCEB3E5-1145-401C-84F8-7748C5CDFC68} = {02EA681E-C7D8-13C7-8484-4AC65E1B71E8}
		{54E39BE4-0139-430F-AB1F-086F3B3874B5} = {486B8941-1C1B-49C0-8AF8-B38D5CD07C84}
		{6F2937B2-2D29-465F-96D6-A116B88E3EA3} = {486B8941-1C1B-49C0-8AF8-B38D5CD07C84}
		{D9E47E2B-0789-4C26-82EF-421FA06B9CBF} = {486B8941-1C1B-49C0-8AF8-B38D5CD07C84}
		{E4A80FFD-7F38-423F-A6D0-43E466C844AF} = {486B8941-1C1B-49C0-8AF8-B38D5CD07C84}
		{FF951BE8-C861-4B6F-B4CC-BBF92CB31FD1} = {486B8941-1C1B-49C0-8AF8-B38D5CD07C84}
		{8BD50765-76BB-4EF5-8248-380463846203} = {4B79716D-DDD3-484B-A608-08ECB989C9A5}
		{28627D47-0F67-415F-9817-E5C5C731E034} = {4B79716D-DDD3-484B-A608-08ECB989C9A5}
		{F72EE0DB-7DC1-467B-8414-8C57F7191073} = {4B79716D-DDD3-484B-A608-08ECB989C9A5}
		{C2894A68-24AF-4CC7-9473-9F6291B4394A} = {4B79716D-DDD3-484B-A608-08ECB989C9A5}
	EndGlobalSection
	GlobalSection(ExtensibilityGlobals) = postSolution
		SolutionGuid = {A7EBE5D4-2F1F-4445-B348-65EDD45F88DF}
	EndGlobalSection
EndGlobal
